<?xml version="1.0" encoding="utf-8"?>
<Project ToolsVersion="4.0" xmlns="http://schemas.microsoft.com/developer/msbuild/2003">
  <ItemGroup>
    <Filter Include="Sources">
      <UniqueIdentifier>{4FC737F1-C7A5-4376-A066-2A32D752A2FF}</UniqueIdentifier>
      <Extensions>cpp;c;cc;cxx;def;odl;idl;hpj;bat;asm;asmx</Extensions>
    </Filter>
  </ItemGroup>
  <ItemGroup>
    <ClInclude Include="game.h">
      <Filter>Sources</Filter>
    </ClInclude>
    <ClInclude Include="tilemap.h">
      <Filter>Sources</Filter>
    </ClInclude>
    <ClInclude Include="AudioManager.h">
      <Filter>Sources</Filter>
    </ClInclude>
    <ClInclude Include="Bullet.h">
      <Filter>Sources</Filter>
    </ClInclude>
    <ClInclude Include="CollisionManager.h">
      <Filter>Sources</Filter>
    </ClInclude>
    <ClInclude Include="Enemy.h">
      <Filter>Sources</Filter>
    </ClInclude>
    <ClInclude Include="GameManager.h">
      <Filter>Sources</Filter>
    </ClInclude>
    <ClInclude Include="Player.h">
      <Filter>Sources</Filter>
    </ClInclude>
    <ClInclude Include="PowerUp.h">
      <Filter>Sources</Filter>
    </ClInclude>
    <ClInclude Include="UIManager.h">
      <Filter>Sources</Filter>
    </ClInclude>
  </ItemGroup>
  <ItemGroup>
    <ClCompile Include="game.cpp">
      <Filter>Sources</Filter>
    </ClCompile>
    <ClCompile Include="tilemap.cpp">
      <Filter>Sources</Filter>
    </ClCompile>
    <ClCompile Include="AudioManager.cpp">
      <Filter>Sources</Filter>
    </ClCompile>
    <ClCompile Include="Bullet.cpp">
      <Filter>Sources</Filter>
    </ClCompile>
    <ClCompile Include="CollisionManager.cpp">
      <Filter>Sources</Filter>
    </ClCompile>
    <ClCompile Include="Enemy.cpp">
      <Filter>Sources</Filter>
    </ClCompile>
    <ClCompile Include="GameManager.cpp">
      <Filter>Sources</Filter>
    </ClCompile>
    <ClCompile Include="main.cpp">
      <Filter>Sources</Filter>
    </ClCompile>
    <ClCompile Include="Player.cpp">
      <Filter>Sources</Filter>
    </ClCompile>
    <ClCompile Include="PowerUp.cpp">
      <Filter>Sources</Filter>
    </ClCompile>
    <ClCompile Include="UIManager.cpp">
      <Filter>Sources</Filter>
    </ClCompile>
  </ItemGroup>
</Project>